// !$*UTF8*$!
{
	archiveVersion = 1;
	classes = {
	};
	objectVersion = 56;
	objects = {

/* Begin PBXBuildFile section */
		19D8458BEB00E88D9C124D1E /* Pods_Weather.framework in Frameworks */ = {isa = PBXBuildFile; fileRef = 8686D6DDB301B56402A1240F /* Pods_Weather.framework */; };
		880CF4A02986EC4100B41BA1 /* UIViewController+Extensions.swift in Sources */ = {isa = PBXBuildFile; fileRef = 880CF49F2986EC4100B41BA1 /* UIViewController+Extensions.swift */; };
		884A3B9B29744FC2006C7AD6 /* SearchViewModel.swift in Sources */ = {isa = PBXBuildFile; fileRef = 884A3B9A29744FC2006C7AD6 /* SearchViewModel.swift */; };
		884A3B9D2974505A006C7AD6 /* CityCellViewModel.swift in Sources */ = {isa = PBXBuildFile; fileRef = 884A3B9C2974505A006C7AD6 /* CityCellViewModel.swift */; };
		884A3B9F29758577006C7AD6 /* StorageManager.swift in Sources */ = {isa = PBXBuildFile; fileRef = 884A3B9E29758577006C7AD6 /* StorageManager.swift */; };
		884A3BA12975A32C006C7AD6 /* CitySearchModel.swift in Sources */ = {isa = PBXBuildFile; fileRef = 884A3BA02975A32C006C7AD6 /* CitySearchModel.swift */; };
		884A3BA329787E47006C7AD6 /* String+Extensions.swift in Sources */ = {isa = PBXBuildFile; fileRef = 884A3BA229787E47006C7AD6 /* String+Extensions.swift */; };
		884A3BA6297D3ACF006C7AD6 /* Start.storyboard in Resources */ = {isa = PBXBuildFile; fileRef = 884A3BA5297D3ACF006C7AD6 /* Start.storyboard */; };
		884A3BA8297D3B62006C7AD6 /* Weather.storyboard in Resources */ = {isa = PBXBuildFile; fileRef = 884A3BA7297D3B62006C7AD6 /* Weather.storyboard */; };
		884A3BAA297D3BC6006C7AD6 /* ToDay.storyboard in Resources */ = {isa = PBXBuildFile; fileRef = 884A3BA9297D3BC6006C7AD6 /* ToDay.storyboard */; };
		884A3BAC297D3BF1006C7AD6 /* Tomorrow.storyboard in Resources */ = {isa = PBXBuildFile; fileRef = 884A3BAB297D3BF1006C7AD6 /* Tomorrow.storyboard */; };
		884A3BAE297D3C20006C7AD6 /* FiveDays.storyboard in Resources */ = {isa = PBXBuildFile; fileRef = 884A3BAD297D3C1F006C7AD6 /* FiveDays.storyboard */; };
		884A3BB2297D3C5C006C7AD6 /* Search.storyboard in Resources */ = {isa = PBXBuildFile; fileRef = 884A3BB1297D3C5C006C7AD6 /* Search.storyboard */; };
		884A3BB4297D5C56006C7AD6 /* Coordinator.swift in Sources */ = {isa = PBXBuildFile; fileRef = 884A3BB3297D5C56006C7AD6 /* Coordinator.swift */; };
		884A3BB8297D5EC9006C7AD6 /* AppCoordinator.swift in Sources */ = {isa = PBXBuildFile; fileRef = 884A3BB7297D5EC9006C7AD6 /* AppCoordinator.swift */; };
		884A3BBE297F1BE7006C7AD6 /* Constants.swift in Sources */ = {isa = PBXBuildFile; fileRef = 884A3BBD297F1BE7006C7AD6 /* Constants.swift */; };
		884A8729294DF29E003EB0D1 /* AppDelegate.swift in Sources */ = {isa = PBXBuildFile; fileRef = 884A8728294DF29E003EB0D1 /* AppDelegate.swift */; };
		884A872D294DF29E003EB0D1 /* ToDayViewController.swift in Sources */ = {isa = PBXBuildFile; fileRef = 884A872C294DF29E003EB0D1 /* ToDayViewController.swift */; };
		884A8730294DF29E003EB0D1 /* Main.storyboard in Resources */ = {isa = PBXBuildFile; fileRef = 884A872E294DF29E003EB0D1 /* Main.storyboard */; };
		884A8732294DF29F003EB0D1 /* Assets.xcassets in Resources */ = {isa = PBXBuildFile; fileRef = 884A8731294DF29F003EB0D1 /* Assets.xcassets */; };
		884A8735294DF29F003EB0D1 /* LaunchScreen.storyboard in Resources */ = {isa = PBXBuildFile; fileRef = 884A8733294DF29F003EB0D1 /* LaunchScreen.storyboard */; };
		884A873D294E0DBF003EB0D1 /* NetworkManager.swift in Sources */ = {isa = PBXBuildFile; fileRef = 884A873C294E0DBF003EB0D1 /* NetworkManager.swift */; };
		884A873F294E0E88003EB0D1 /* NetworkDataFetcher.swift in Sources */ = {isa = PBXBuildFile; fileRef = 884A873E294E0E88003EB0D1 /* NetworkDataFetcher.swift */; };
		884A8742294F4DDA003EB0D1 /* LocationModel.swift in Sources */ = {isa = PBXBuildFile; fileRef = 884A8741294F4DDA003EB0D1 /* LocationModel.swift */; };
		884A8744294F7AE0003EB0D1 /* ForecastWeatherModel.swift in Sources */ = {isa = PBXBuildFile; fileRef = 884A8743294F7AE0003EB0D1 /* ForecastWeatherModel.swift */; };
		889DC3BE2971740100759871 /* ToDayViewModel.swift in Sources */ = {isa = PBXBuildFile; fileRef = 889DC3BD2971740100759871 /* ToDayViewModel.swift */; };
		889DC3CB2971B68500759871 /* TomorrowViewModel.swift in Sources */ = {isa = PBXBuildFile; fileRef = 889DC3CA2971B68500759871 /* TomorrowViewModel.swift */; };
		88A4ACF62955ECC40067D1B4 /* FiveDaysViewController.swift in Sources */ = {isa = PBXBuildFile; fileRef = 88A4ACF52955ECC40067D1B4 /* FiveDaysViewController.swift */; };
		88A4ACF8295746240067D1B4 /* DataFetcherService.swift in Sources */ = {isa = PBXBuildFile; fileRef = 88A4ACF7295746240067D1B4 /* DataFetcherService.swift */; };
		88A4ACFA2957671B0067D1B4 /* CurrentWeatherModel.swift in Sources */ = {isa = PBXBuildFile; fileRef = 88A4ACF92957671B0067D1B4 /* CurrentWeatherModel.swift */; };
		88A4ACFC2959D29C0067D1B4 /* DateService.swift in Sources */ = {isa = PBXBuildFile; fileRef = 88A4ACFB2959D29C0067D1B4 /* DateService.swift */; };
		88A4ACFF295CD11C0067D1B4 /* DayCell.swift in Sources */ = {isa = PBXBuildFile; fileRef = 88A4ACFD295CD11C0067D1B4 /* DayCell.swift */; };
		88A4AD00295CD11C0067D1B4 /* DayCell.xib in Resources */ = {isa = PBXBuildFile; fileRef = 88A4ACFE295CD11C0067D1B4 /* DayCell.xib */; };
		88AC3647296C39DA0019F17E /* CityCell.swift in Sources */ = {isa = PBXBuildFile; fileRef = 88AC3645296C39DA0019F17E /* CityCell.swift */; };
		88AC3648296C39DA0019F17E /* CityCell.xib in Resources */ = {isa = PBXBuildFile; fileRef = 88AC3646296C39DA0019F17E /* CityCell.xib */; };
		88AF9901296F0FEB0001C1CF /* StartViewController.swift in Sources */ = {isa = PBXBuildFile; fileRef = 88AF9900296F0FEB0001C1CF /* StartViewController.swift */; };
		88BD19A42951BF8D00498F7D /* SearchViewController.swift in Sources */ = {isa = PBXBuildFile; fileRef = 88BD19A32951BF8D00498F7D /* SearchViewController.swift */; };
		88BD19A72952326A00498F7D /* HourCell.swift in Sources */ = {isa = PBXBuildFile; fileRef = 88BD19A52952326A00498F7D /* HourCell.swift */; };
		88BD19A82952326A00498F7D /* HourCell.xib in Resources */ = {isa = PBXBuildFile; fileRef = 88BD19A62952326A00498F7D /* HourCell.xib */; };
		88CA25D82955D57800468F83 /* MainViewController.swift in Sources */ = {isa = PBXBuildFile; fileRef = 88CA25D72955D57800468F83 /* MainViewController.swift */; };
		88CA25DA2955D5AB00468F83 /* TomorrowViewController.swift in Sources */ = {isa = PBXBuildFile; fileRef = 88CA25D92955D5AB00468F83 /* TomorrowViewController.swift */; };
		88D337D229802103008B6BE5 /* Realm+Extensions.swift in Sources */ = {isa = PBXBuildFile; fileRef = 88D337D129802103008B6BE5 /* Realm+Extensions.swift */; };
		88D337D4298023B0008B6BE5 /* WeatherListsModel.swift in Sources */ = {isa = PBXBuildFile; fileRef = 88D337D3298023B0008B6BE5 /* WeatherListsModel.swift */; };
		88D337D629802404008B6BE5 /* CityModel.swift in Sources */ = {isa = PBXBuildFile; fileRef = 88D337D529802404008B6BE5 /* CityModel.swift */; };
		88D337D829802487008B6BE5 /* MainWeaherModel.swift in Sources */ = {isa = PBXBuildFile; fileRef = 88D337D729802487008B6BE5 /* MainWeaherModel.swift */; };
		88D337DA298024DC008B6BE5 /* WeatherModel.swift in Sources */ = {isa = PBXBuildFile; fileRef = 88D337D9298024DC008B6BE5 /* WeatherModel.swift */; };
		88D337DE29802BFA008B6BE5 /* StartViewModel.swift in Sources */ = {isa = PBXBuildFile; fileRef = 88D337DD29802BFA008B6BE5 /* StartViewModel.swift */; };
		88D8C71F2983BB3C00B39A92 /* EnumScreens.swift in Sources */ = {isa = PBXBuildFile; fileRef = 88D8C71E2983BB3C00B39A92 /* EnumScreens.swift */; };
		88D8C7212983C51600B39A92 /* Storyboarded+Extensions.swift in Sources */ = {isa = PBXBuildFile; fileRef = 88D8C7202983C51600B39A92 /* Storyboarded+Extensions.swift */; };
		88D8C7232983C54000B39A92 /* Storyboarded.swift in Sources */ = {isa = PBXBuildFile; fileRef = 88D8C7222983C54000B39A92 /* Storyboarded.swift */; };
		88D8C7272984176800B39A92 /* MainViewModel.swift in Sources */ = {isa = PBXBuildFile; fileRef = 88D8C7262984176800B39A92 /* MainViewModel.swift */; };
		88D8C72929848E5A00B39A92 /* LocationService.swift in Sources */ = {isa = PBXBuildFile; fileRef = 88D8C72829848E5A00B39A92 /* LocationService.swift */; };
		88D8C72B29855D1900B39A92 /* StorageError.swift in Sources */ = {isa = PBXBuildFile; fileRef = 88D8C72A29855D1900B39A92 /* StorageError.swift */; };
		88ECC6722972FB4F0058691D /* FiveDaysViewModel.swift in Sources */ = {isa = PBXBuildFile; fileRef = 88ECC6712972FB4F0058691D /* FiveDaysViewModel.swift */; };
		88ECC6742973274E0058691D /* DayCellViewModel.swift in Sources */ = {isa = PBXBuildFile; fileRef = 88ECC6732973274E0058691D /* DayCellViewModel.swift */; };
		88ECC676297345EA0058691D /* HourCellViewModel.swift in Sources */ = {isa = PBXBuildFile; fileRef = 88ECC675297345EA0058691D /* HourCellViewModel.swift */; };
		88FB83C32955BEA90011FDA0 /* MainPageViewController.swift in Sources */ = {isa = PBXBuildFile; fileRef = 88FB83C22955BEA90011FDA0 /* MainPageViewController.swift */; };
/* End PBXBuildFile section */

/* Begin PBXFileReference section */
		15B7819CCBF4AA36B1F0C218 /* Pods-Weather.debug.xcconfig */ = {isa = PBXFileReference; includeInIndex = 1; lastKnownFileType = text.xcconfig; name = "Pods-Weather.debug.xcconfig"; path = "Target Support Files/Pods-Weather/Pods-Weather.debug.xcconfig"; sourceTree = "<group>"; };
		8686D6DDB301B56402A1240F /* Pods_Weather.framework */ = {isa = PBXFileReference; explicitFileType = wrapper.framework; includeInIndex = 0; path = Pods_Weather.framework; sourceTree = BUILT_PRODUCTS_DIR; };
		880CF49F2986EC4100B41BA1 /* UIViewController+Extensions.swift */ = {isa = PBXFileReference; lastKnownFileType = sourcecode.swift; path = "UIViewController+Extensions.swift"; sourceTree = "<group>"; };
		884A3B9A29744FC2006C7AD6 /* SearchViewModel.swift */ = {isa = PBXFileReference; lastKnownFileType = sourcecode.swift; path = SearchViewModel.swift; sourceTree = "<group>"; };
		884A3B9C2974505A006C7AD6 /* CityCellViewModel.swift */ = {isa = PBXFileReference; lastKnownFileType = sourcecode.swift; path = CityCellViewModel.swift; sourceTree = "<group>"; };
		884A3B9E29758577006C7AD6 /* StorageManager.swift */ = {isa = PBXFileReference; lastKnownFileType = sourcecode.swift; path = StorageManager.swift; sourceTree = "<group>"; };
		884A3BA02975A32C006C7AD6 /* CitySearchModel.swift */ = {isa = PBXFileReference; lastKnownFileType = sourcecode.swift; path = CitySearchModel.swift; sourceTree = "<group>"; };
		884A3BA229787E47006C7AD6 /* String+Extensions.swift */ = {isa = PBXFileReference; lastKnownFileType = sourcecode.swift; path = "String+Extensions.swift"; sourceTree = "<group>"; };
		884A3BA5297D3ACF006C7AD6 /* Start.storyboard */ = {isa = PBXFileReference; lastKnownFileType = file.storyboard; path = Start.storyboard; sourceTree = "<group>"; };
		884A3BA7297D3B62006C7AD6 /* Weather.storyboard */ = {isa = PBXFileReference; lastKnownFileType = file.storyboard; path = Weather.storyboard; sourceTree = "<group>"; };
		884A3BA9297D3BC6006C7AD6 /* ToDay.storyboard */ = {isa = PBXFileReference; lastKnownFileType = file.storyboard; path = ToDay.storyboard; sourceTree = "<group>"; };
		884A3BAB297D3BF1006C7AD6 /* Tomorrow.storyboard */ = {isa = PBXFileReference; lastKnownFileType = file.storyboard; path = Tomorrow.storyboard; sourceTree = "<group>"; };
		884A3BAD297D3C1F006C7AD6 /* FiveDays.storyboard */ = {isa = PBXFileReference; lastKnownFileType = file.storyboard; path = FiveDays.storyboard; sourceTree = "<group>"; };
		884A3BB1297D3C5C006C7AD6 /* Search.storyboard */ = {isa = PBXFileReference; lastKnownFileType = file.storyboard; path = Search.storyboard; sourceTree = "<group>"; };
		884A3BB3297D5C56006C7AD6 /* Coordinator.swift */ = {isa = PBXFileReference; lastKnownFileType = sourcecode.swift; path = Coordinator.swift; sourceTree = "<group>"; };
		884A3BB7297D5EC9006C7AD6 /* AppCoordinator.swift */ = {isa = PBXFileReference; lastKnownFileType = sourcecode.swift; path = AppCoordinator.swift; sourceTree = "<group>"; };
		884A3BBD297F1BE7006C7AD6 /* Constants.swift */ = {isa = PBXFileReference; lastKnownFileType = sourcecode.swift; path = Constants.swift; sourceTree = "<group>"; };
		884A8725294DF29E003EB0D1 /* Weather.app */ = {isa = PBXFileReference; explicitFileType = wrapper.application; includeInIndex = 0; path = Weather.app; sourceTree = BUILT_PRODUCTS_DIR; };
		884A8728294DF29E003EB0D1 /* AppDelegate.swift */ = {isa = PBXFileReference; lastKnownFileType = sourcecode.swift; path = AppDelegate.swift; sourceTree = "<group>"; };
		884A872C294DF29E003EB0D1 /* ToDayViewController.swift */ = {isa = PBXFileReference; lastKnownFileType = sourcecode.swift; path = ToDayViewController.swift; sourceTree = "<group>"; };
		884A872F294DF29E003EB0D1 /* Base */ = {isa = PBXFileReference; lastKnownFileType = file.storyboard; name = Base; path = Base.lproj/Main.storyboard; sourceTree = "<group>"; };
		884A8731294DF29F003EB0D1 /* Assets.xcassets */ = {isa = PBXFileReference; lastKnownFileType = folder.assetcatalog; path = Assets.xcassets; sourceTree = "<group>"; };
		884A8734294DF29F003EB0D1 /* Base */ = {isa = PBXFileReference; lastKnownFileType = file.storyboard; name = Base; path = Base.lproj/LaunchScreen.storyboard; sourceTree = "<group>"; };
		884A8736294DF29F003EB0D1 /* Info.plist */ = {isa = PBXFileReference; lastKnownFileType = text.plist.xml; path = Info.plist; sourceTree = "<group>"; };
		884A873C294E0DBF003EB0D1 /* NetworkManager.swift */ = {isa = PBXFileReference; lastKnownFileType = sourcecode.swift; path = NetworkManager.swift; sourceTree = "<group>"; };
		884A873E294E0E88003EB0D1 /* NetworkDataFetcher.swift */ = {isa = PBXFileReference; lastKnownFileType = sourcecode.swift; path = NetworkDataFetcher.swift; sourceTree = "<group>"; };
		884A8741294F4DDA003EB0D1 /* LocationModel.swift */ = {isa = PBXFileReference; lastKnownFileType = sourcecode.swift; path = LocationModel.swift; sourceTree = "<group>"; };
		884A8743294F7AE0003EB0D1 /* ForecastWeatherModel.swift */ = {isa = PBXFileReference; lastKnownFileType = sourcecode.swift; path = ForecastWeatherModel.swift; sourceTree = "<group>"; };
		889DC3BD2971740100759871 /* ToDayViewModel.swift */ = {isa = PBXFileReference; lastKnownFileType = sourcecode.swift; path = ToDayViewModel.swift; sourceTree = "<group>"; };
		889DC3CA2971B68500759871 /* TomorrowViewModel.swift */ = {isa = PBXFileReference; lastKnownFileType = sourcecode.swift; path = TomorrowViewModel.swift; sourceTree = "<group>"; };
		88A4ACF52955ECC40067D1B4 /* FiveDaysViewController.swift */ = {isa = PBXFileReference; lastKnownFileType = sourcecode.swift; path = FiveDaysViewController.swift; sourceTree = "<group>"; };
		88A4ACF7295746240067D1B4 /* DataFetcherService.swift */ = {isa = PBXFileReference; lastKnownFileType = sourcecode.swift; path = DataFetcherService.swift; sourceTree = "<group>"; };
		88A4ACF92957671B0067D1B4 /* CurrentWeatherModel.swift */ = {isa = PBXFileReference; lastKnownFileType = sourcecode.swift; path = CurrentWeatherModel.swift; sourceTree = "<group>"; };
		88A4ACFB2959D29C0067D1B4 /* DateService.swift */ = {isa = PBXFileReference; lastKnownFileType = sourcecode.swift; path = DateService.swift; sourceTree = "<group>"; };
		88A4ACFD295CD11C0067D1B4 /* DayCell.swift */ = {isa = PBXFileReference; lastKnownFileType = sourcecode.swift; path = DayCell.swift; sourceTree = "<group>"; };
		88A4ACFE295CD11C0067D1B4 /* DayCell.xib */ = {isa = PBXFileReference; lastKnownFileType = file.xib; path = DayCell.xib; sourceTree = "<group>"; };
		88AC3645296C39DA0019F17E /* CityCell.swift */ = {isa = PBXFileReference; lastKnownFileType = sourcecode.swift; path = CityCell.swift; sourceTree = "<group>"; };
		88AC3646296C39DA0019F17E /* CityCell.xib */ = {isa = PBXFileReference; lastKnownFileType = file.xib; path = CityCell.xib; sourceTree = "<group>"; };
		88AF9900296F0FEB0001C1CF /* StartViewController.swift */ = {isa = PBXFileReference; lastKnownFileType = sourcecode.swift; path = StartViewController.swift; sourceTree = "<group>"; };
		88BD19A32951BF8D00498F7D /* SearchViewController.swift */ = {isa = PBXFileReference; lastKnownFileType = sourcecode.swift; path = SearchViewController.swift; sourceTree = "<group>"; };
		88BD19A52952326A00498F7D /* HourCell.swift */ = {isa = PBXFileReference; lastKnownFileType = sourcecode.swift; path = HourCell.swift; sourceTree = "<group>"; };
		88BD19A62952326A00498F7D /* HourCell.xib */ = {isa = PBXFileReference; lastKnownFileType = file.xib; path = HourCell.xib; sourceTree = "<group>"; };
		88CA25D72955D57800468F83 /* MainViewController.swift */ = {isa = PBXFileReference; lastKnownFileType = sourcecode.swift; path = MainViewController.swift; sourceTree = "<group>"; };
		88CA25D92955D5AB00468F83 /* TomorrowViewController.swift */ = {isa = PBXFileReference; lastKnownFileType = sourcecode.swift; path = TomorrowViewController.swift; sourceTree = "<group>"; };
		88D337D129802103008B6BE5 /* Realm+Extensions.swift */ = {isa = PBXFileReference; lastKnownFileType = sourcecode.swift; path = "Realm+Extensions.swift"; sourceTree = "<group>"; };
		88D337D3298023B0008B6BE5 /* WeatherListsModel.swift */ = {isa = PBXFileReference; lastKnownFileType = sourcecode.swift; path = WeatherListsModel.swift; sourceTree = "<group>"; };
		88D337D529802404008B6BE5 /* CityModel.swift */ = {isa = PBXFileReference; lastKnownFileType = sourcecode.swift; path = CityModel.swift; sourceTree = "<group>"; };
		88D337D729802487008B6BE5 /* MainWeaherModel.swift */ = {isa = PBXFileReference; lastKnownFileType = sourcecode.swift; path = MainWeaherModel.swift; sourceTree = "<group>"; };
		88D337D9298024DC008B6BE5 /* WeatherModel.swift */ = {isa = PBXFileReference; lastKnownFileType = sourcecode.swift; path = WeatherModel.swift; sourceTree = "<group>"; };
		88D337DD29802BFA008B6BE5 /* StartViewModel.swift */ = {isa = PBXFileReference; lastKnownFileType = sourcecode.swift; path = StartViewModel.swift; sourceTree = "<group>"; };
		88D8C71E2983BB3C00B39A92 /* EnumScreens.swift */ = {isa = PBXFileReference; lastKnownFileType = sourcecode.swift; path = EnumScreens.swift; sourceTree = "<group>"; };
		88D8C7202983C51600B39A92 /* Storyboarded+Extensions.swift */ = {isa = PBXFileReference; lastKnownFileType = sourcecode.swift; path = "Storyboarded+Extensions.swift"; sourceTree = "<group>"; };
		88D8C7222983C54000B39A92 /* Storyboarded.swift */ = {isa = PBXFileReference; lastKnownFileType = sourcecode.swift; path = Storyboarded.swift; sourceTree = "<group>"; };
		88D8C7262984176800B39A92 /* MainViewModel.swift */ = {isa = PBXFileReference; lastKnownFileType = sourcecode.swift; path = MainViewModel.swift; sourceTree = "<group>"; };
		88D8C72829848E5A00B39A92 /* LocationService.swift */ = {isa = PBXFileReference; lastKnownFileType = sourcecode.swift; path = LocationService.swift; sourceTree = "<group>"; };
		88D8C72A29855D1900B39A92 /* StorageError.swift */ = {isa = PBXFileReference; lastKnownFileType = sourcecode.swift; path = StorageError.swift; sourceTree = "<group>"; };
		88ECC6712972FB4F0058691D /* FiveDaysViewModel.swift */ = {isa = PBXFileReference; lastKnownFileType = sourcecode.swift; path = FiveDaysViewModel.swift; sourceTree = "<group>"; };
		88ECC6732973274E0058691D /* DayCellViewModel.swift */ = {isa = PBXFileReference; lastKnownFileType = sourcecode.swift; path = DayCellViewModel.swift; sourceTree = "<group>"; };
		88ECC675297345EA0058691D /* HourCellViewModel.swift */ = {isa = PBXFileReference; lastKnownFileType = sourcecode.swift; path = HourCellViewModel.swift; sourceTree = "<group>"; };
		88FB83C22955BEA90011FDA0 /* MainPageViewController.swift */ = {isa = PBXFileReference; lastKnownFileType = sourcecode.swift; path = MainPageViewController.swift; sourceTree = "<group>"; };
		9F33BF0E4D4B924C50F58578 /* Pods-Weather.release.xcconfig */ = {isa = PBXFileReference; includeInIndex = 1; lastKnownFileType = text.xcconfig; name = "Pods-Weather.release.xcconfig"; path = "Target Support Files/Pods-Weather/Pods-Weather.release.xcconfig"; sourceTree = "<group>"; };
/* End PBXFileReference section */

/* Begin PBXFrameworksBuildPhase section */
		884A8722294DF29E003EB0D1 /* Frameworks */ = {
			isa = PBXFrameworksBuildPhase;
			buildActionMask = 2147483647;
			files = (
				19D8458BEB00E88D9C124D1E /* Pods_Weather.framework in Frameworks */,
			);
			runOnlyForDeploymentPostprocessing = 0;
		};
/* End PBXFrameworksBuildPhase section */

/* Begin PBXGroup section */
		21B8A08896BF429F3607C890 /* Pods */ = {
			isa = PBXGroup;
			children = (
				15B7819CCBF4AA36B1F0C218 /* Pods-Weather.debug.xcconfig */,
				9F33BF0E4D4B924C50F58578 /* Pods-Weather.release.xcconfig */,
			);
			path = Pods;
			sourceTree = "<group>";
		};
		884A3BA42979C658006C7AD6 /* SupportingFiles */ = {
			isa = PBXGroup;
			children = (
				884A8728294DF29E003EB0D1 /* AppDelegate.swift */,
				884A8731294DF29F003EB0D1 /* Assets.xcassets */,
				884A8736294DF29F003EB0D1 /* Info.plist */,
				884A8733294DF29F003EB0D1 /* LaunchScreen.storyboard */,
			);
			path = SupportingFiles;
			sourceTree = "<group>";
		};
		884A3BB5297D5C61006C7AD6 /* Coordinators */ = {
			isa = PBXGroup;
			children = (
				884A3BB6297D5C8B006C7AD6 /* Protocols */,
				884A3BB7297D5EC9006C7AD6 /* AppCoordinator.swift */,
			);
			path = Coordinators;
			sourceTree = "<group>";
		};
		884A3BB6297D5C8B006C7AD6 /* Protocols */ = {
			isa = PBXGroup;
			children = (
				884A3BB3297D5C56006C7AD6 /* Coordinator.swift */,
				88D8C7222983C54000B39A92 /* Storyboarded.swift */,
			);
			path = Protocols;
			sourceTree = "<group>";
		};
		884A3BBB297D9F0F006C7AD6 /* Start */ = {
			isa = PBXGroup;
			children = (
				88AF9900296F0FEB0001C1CF /* StartViewController.swift */,
				88D337DD29802BFA008B6BE5 /* StartViewModel.swift */,
				884A3BA5297D3ACF006C7AD6 /* Start.storyboard */,
			);
			path = Start;
			sourceTree = "<group>";
		};
		884A3BBC297DA1CD006C7AD6 /* Main */ = {
			isa = PBXGroup;
			children = (
				88CA25D72955D57800468F83 /* MainViewController.swift */,
				88D8C7262984176800B39A92 /* MainViewModel.swift */,
				884A3BA7297D3B62006C7AD6 /* Weather.storyboard */,
				88FB83C22955BEA90011FDA0 /* MainPageViewController.swift */,
			);
			path = Main;
			sourceTree = "<group>";
		};
		884A871C294DF29D003EB0D1 = {
			isa = PBXGroup;
			children = (
				884A8727294DF29E003EB0D1 /* Weather */,
				884A8726294DF29E003EB0D1 /* Products */,
				21B8A08896BF429F3607C890 /* Pods */,
				E89320957B127C37C76C2BD1 /* Frameworks */,
			);
			sourceTree = "<group>";
		};
		884A8726294DF29E003EB0D1 /* Products */ = {
			isa = PBXGroup;
			children = (
				884A8725294DF29E003EB0D1 /* Weather.app */,
			);
			name = Products;
			sourceTree = "<group>";
		};
		884A8727294DF29E003EB0D1 /* Weather */ = {
			isa = PBXGroup;
			children = (
				88D8C71E2983BB3C00B39A92 /* EnumScreens.swift */,
				88D8C72A29855D1900B39A92 /* StorageError.swift */,
				884A3BB5297D5C61006C7AD6 /* Coordinators */,
				88D337DB29802B17008B6BE5 /* ViewControllers */,
				88D337DC29802B87008B6BE5 /* SharedViews */,
				889DC3C32971745100759871 /* Models */,
				88D337D0298020EF008B6BE5 /* Extensions */,
				889DC3C72971AE2800759871 /* Services */,
				889DC3BB2971731600759871 /* Storyboard */,
				884A3BA42979C658006C7AD6 /* SupportingFiles */,
				884A3BBD297F1BE7006C7AD6 /* Constants.swift */,
			);
			path = Weather;
			sourceTree = "<group>";
		};
		889DC3BB2971731600759871 /* Storyboard */ = {
			isa = PBXGroup;
			children = (
				884A872E294DF29E003EB0D1 /* Main.storyboard */,
			);
			path = Storyboard;
			sourceTree = "<group>";
		};
		889DC3BC297173B800759871 /* ToDay */ = {
			isa = PBXGroup;
			children = (
				884A872C294DF29E003EB0D1 /* ToDayViewController.swift */,
				889DC3BD2971740100759871 /* ToDayViewModel.swift */,
				884A3BA9297D3BC6006C7AD6 /* ToDay.storyboard */,
			);
			path = ToDay;
			sourceTree = "<group>";
		};
		889DC3BF2971741C00759871 /* Tomorrow */ = {
			isa = PBXGroup;
			children = (
				88CA25D92955D5AB00468F83 /* TomorrowViewController.swift */,
				889DC3CA2971B68500759871 /* TomorrowViewModel.swift */,
				884A3BAB297D3BF1006C7AD6 /* Tomorrow.storyboard */,
			);
			path = Tomorrow;
			sourceTree = "<group>";
		};
		889DC3C02971742900759871 /* FiveDays */ = {
			isa = PBXGroup;
			children = (
				88A4ACF52955ECC40067D1B4 /* FiveDaysViewController.swift */,
				88ECC6712972FB4F0058691D /* FiveDaysViewModel.swift */,
				884A3BAD297D3C1F006C7AD6 /* FiveDays.storyboard */,
			);
			path = FiveDays;
			sourceTree = "<group>";
		};
		889DC3C22971744000759871 /* Search */ = {
			isa = PBXGroup;
			children = (
				889DC3C62971980500759871 /* CityCell */,
				88BD19A32951BF8D00498F7D /* SearchViewController.swift */,
				884A3B9A29744FC2006C7AD6 /* SearchViewModel.swift */,
				884A3BB1297D3C5C006C7AD6 /* Search.storyboard */,
			);
			path = Search;
			sourceTree = "<group>";
		};
		889DC3C32971745100759871 /* Models */ = {
			isa = PBXGroup;
			children = (
				884A8743294F7AE0003EB0D1 /* ForecastWeatherModel.swift */,
				88D337D3298023B0008B6BE5 /* WeatherListsModel.swift */,
				88D337D529802404008B6BE5 /* CityModel.swift */,
				88D337D729802487008B6BE5 /* MainWeaherModel.swift */,
				88D337D9298024DC008B6BE5 /* WeatherModel.swift */,
				88A4ACF92957671B0067D1B4 /* CurrentWeatherModel.swift */,
				884A3BA02975A32C006C7AD6 /* CitySearchModel.swift */,
				884A8741294F4DDA003EB0D1 /* LocationModel.swift */,
			);
			path = Models;
			sourceTree = "<group>";
		};
		889DC3C4297197F000759871 /* HourCell */ = {
			isa = PBXGroup;
			children = (
				88ECC675297345EA0058691D /* HourCellViewModel.swift */,
				88BD19A52952326A00498F7D /* HourCell.swift */,
				88BD19A62952326A00498F7D /* HourCell.xib */,
			);
			path = HourCell;
			sourceTree = "<group>";
		};
		889DC3C5297197FC00759871 /* DayCell */ = {
			isa = PBXGroup;
			children = (
				88ECC6732973274E0058691D /* DayCellViewModel.swift */,
				88A4ACFD295CD11C0067D1B4 /* DayCell.swift */,
				88A4ACFE295CD11C0067D1B4 /* DayCell.xib */,
			);
			path = DayCell;
			sourceTree = "<group>";
		};
		889DC3C62971980500759871 /* CityCell */ = {
			isa = PBXGroup;
			children = (
				884A3B9C2974505A006C7AD6 /* CityCellViewModel.swift */,
				88AC3645296C39DA0019F17E /* CityCell.swift */,
				88AC3646296C39DA0019F17E /* CityCell.xib */,
			);
			path = CityCell;
			sourceTree = "<group>";
		};
		889DC3C72971AE2800759871 /* Services */ = {
			isa = PBXGroup;
			children = (
				884A873C294E0DBF003EB0D1 /* NetworkManager.swift */,
				884A873E294E0E88003EB0D1 /* NetworkDataFetcher.swift */,
				88A4ACF7295746240067D1B4 /* DataFetcherService.swift */,
				88A4ACFB2959D29C0067D1B4 /* DateService.swift */,
				884A3B9E29758577006C7AD6 /* StorageManager.swift */,
				88D8C72829848E5A00B39A92 /* LocationService.swift */,
			);
			path = Services;
			sourceTree = "<group>";
		};
		88D337D0298020EF008B6BE5 /* Extensions */ = {
			isa = PBXGroup;
			children = (
				884A3BA229787E47006C7AD6 /* String+Extensions.swift */,
				88D337D129802103008B6BE5 /* Realm+Extensions.swift */,
				88D8C7202983C51600B39A92 /* Storyboarded+Extensions.swift */,
				880CF49F2986EC4100B41BA1 /* UIViewController+Extensions.swift */,
			);
			path = Extensions;
			sourceTree = "<group>";
		};
		88D337DB29802B17008B6BE5 /* ViewControllers */ = {
			isa = PBXGroup;
			children = (
				884A3BBB297D9F0F006C7AD6 /* Start */,
				884A3BBC297DA1CD006C7AD6 /* Main */,
				889DC3BC297173B800759871 /* ToDay */,
				889DC3BF2971741C00759871 /* Tomorrow */,
				889DC3C02971742900759871 /* FiveDays */,
				889DC3C22971744000759871 /* Search */,
			);
			path = ViewControllers;
			sourceTree = "<group>";
		};
		88D337DC29802B87008B6BE5 /* SharedViews */ = {
			isa = PBXGroup;
			children = (
				889DC3C4297197F000759871 /* HourCell */,
				889DC3C5297197FC00759871 /* DayCell */,
			);
			path = SharedViews;
			sourceTree = "<group>";
		};
		E89320957B127C37C76C2BD1 /* Frameworks */ = {
			isa = PBXGroup;
			children = (
				8686D6DDB301B56402A1240F /* Pods_Weather.framework */,
			);
			name = Frameworks;
			sourceTree = "<group>";
		};
/* End PBXGroup section */

/* Begin PBXNativeTarget section */
		884A8724294DF29E003EB0D1 /* Weather */ = {
			isa = PBXNativeTarget;
			buildConfigurationList = 884A8739294DF29F003EB0D1 /* Build configuration list for PBXNativeTarget "Weather" */;
			buildPhases = (
				862CDF0C1C3E48A1D680ED95 /* [CP] Check Pods Manifest.lock */,
				884A8721294DF29E003EB0D1 /* Sources */,
				884A8722294DF29E003EB0D1 /* Frameworks */,
				884A8723294DF29E003EB0D1 /* Resources */,
				AB255607F614968A93556F52 /* [CP] Embed Pods Frameworks */,
			);
			buildRules = (
			);
			dependencies = (
			);
			name = Weather;
			productName = Weather;
			productReference = 884A8725294DF29E003EB0D1 /* Weather.app */;
			productType = "com.apple.product-type.application";
		};
/* End PBXNativeTarget section */

/* Begin PBXProject section */
		884A871D294DF29D003EB0D1 /* Project object */ = {
			isa = PBXProject;
			attributes = {
				BuildIndependentTargetsInParallel = 1;
				LastSwiftUpdateCheck = 1420;
				LastUpgradeCheck = 1420;
				TargetAttributes = {
					884A8724294DF29E003EB0D1 = {
						CreatedOnToolsVersion = 14.2;
					};
				};
			};
			buildConfigurationList = 884A8720294DF29D003EB0D1 /* Build configuration list for PBXProject "Weather" */;
			compatibilityVersion = "Xcode 14.0";
			developmentRegion = en;
			hasScannedForEncodings = 0;
			knownRegions = (
				en,
				Base,
			);
			mainGroup = 884A871C294DF29D003EB0D1;
			productRefGroup = 884A8726294DF29E003EB0D1 /* Products */;
			projectDirPath = "";
			projectRoot = "";
			targets = (
				884A8724294DF29E003EB0D1 /* Weather */,
			);
		};
/* End PBXProject section */

/* Begin PBXResourcesBuildPhase section */
		884A8723294DF29E003EB0D1 /* Resources */ = {
			isa = PBXResourcesBuildPhase;
			buildActionMask = 2147483647;
			files = (
				88AC3648296C39DA0019F17E /* CityCell.xib in Resources */,
				884A3BA8297D3B62006C7AD6 /* Weather.storyboard in Resources */,
				884A3BAA297D3BC6006C7AD6 /* ToDay.storyboard in Resources */,
				884A8735294DF29F003EB0D1 /* LaunchScreen.storyboard in Resources */,
				88A4AD00295CD11C0067D1B4 /* DayCell.xib in Resources */,
				884A3BAC297D3BF1006C7AD6 /* Tomorrow.storyboard in Resources */,
				884A8732294DF29F003EB0D1 /* Assets.xcassets in Resources */,
				884A3BAE297D3C20006C7AD6 /* FiveDays.storyboard in Resources */,
				884A8730294DF29E003EB0D1 /* Main.storyboard in Resources */,
				884A3BA6297D3ACF006C7AD6 /* Start.storyboard in Resources */,
				88BD19A82952326A00498F7D /* HourCell.xib in Resources */,
				884A3BB2297D3C5C006C7AD6 /* Search.storyboard in Resources */,
			);
			runOnlyForDeploymentPostprocessing = 0;
		};
/* End PBXResourcesBuildPhase section */

/* Begin PBXShellScriptBuildPhase section */
		862CDF0C1C3E48A1D680ED95 /* [CP] Check Pods Manifest.lock */ = {
			isa = PBXShellScriptBuildPhase;
			buildActionMask = 2147483647;
			files = (
			);
			inputFileListPaths = (
			);
			inputPaths = (
				"${PODS_PODFILE_DIR_PATH}/Podfile.lock",
				"${PODS_ROOT}/Manifest.lock",
			);
			name = "[CP] Check Pods Manifest.lock";
			outputFileListPaths = (
			);
			outputPaths = (
				"$(DERIVED_FILE_DIR)/Pods-Weather-checkManifestLockResult.txt",
			);
			runOnlyForDeploymentPostprocessing = 0;
			shellPath = /bin/sh;
			shellScript = "diff \"${PODS_PODFILE_DIR_PATH}/Podfile.lock\" \"${PODS_ROOT}/Manifest.lock\" > /dev/null\nif [ $? != 0 ] ; then\n    # print error to STDERR\n    echo \"error: The sandbox is not in sync with the Podfile.lock. Run 'pod install' or update your CocoaPods installation.\" >&2\n    exit 1\nfi\n# This output is used by Xcode 'outputs' to avoid re-running this script phase.\necho \"SUCCESS\" > \"${SCRIPT_OUTPUT_FILE_0}\"\n";
			showEnvVarsInLog = 0;
		};
		AB255607F614968A93556F52 /* [CP] Embed Pods Frameworks */ = {
			isa = PBXShellScriptBuildPhase;
			buildActionMask = 2147483647;
			files = (
			);
			inputFileListPaths = (
				"${PODS_ROOT}/Target Support Files/Pods-Weather/Pods-Weather-frameworks-${CONFIGURATION}-input-files.xcfilelist",
			);
			name = "[CP] Embed Pods Frameworks";
			outputFileListPaths = (
				"${PODS_ROOT}/Target Support Files/Pods-Weather/Pods-Weather-frameworks-${CONFIGURATION}-output-files.xcfilelist",
			);
			runOnlyForDeploymentPostprocessing = 0;
			shellPath = /bin/sh;
			shellScript = "\"${PODS_ROOT}/Target Support Files/Pods-Weather/Pods-Weather-frameworks.sh\"\n";
			showEnvVarsInLog = 0;
		};
/* End PBXShellScriptBuildPhase section */

/* Begin PBXSourcesBuildPhase section */
		884A8721294DF29E003EB0D1 /* Sources */ = {
			isa = PBXSourcesBuildPhase;
			buildActionMask = 2147483647;
			files = (
				88AC3647296C39DA0019F17E /* CityCell.swift in Sources */,
				884A873D294E0DBF003EB0D1 /* NetworkManager.swift in Sources */,
				884A3BA329787E47006C7AD6 /* String+Extensions.swift in Sources */,
				88ECC676297345EA0058691D /* HourCellViewModel.swift in Sources */,
				88D337DA298024DC008B6BE5 /* WeatherModel.swift in Sources */,
				88D8C7232983C54000B39A92 /* Storyboarded.swift in Sources */,
				88D8C71F2983BB3C00B39A92 /* EnumScreens.swift in Sources */,
				884A3BB8297D5EC9006C7AD6 /* AppCoordinator.swift in Sources */,
				884A3B9F29758577006C7AD6 /* StorageManager.swift in Sources */,
				88D337D629802404008B6BE5 /* CityModel.swift in Sources */,
				884A872D294DF29E003EB0D1 /* ToDayViewController.swift in Sources */,
				88D8C7212983C51600B39A92 /* Storyboarded+Extensions.swift in Sources */,
				884A3BBE297F1BE7006C7AD6 /* Constants.swift in Sources */,
				88ECC6742973274E0058691D /* DayCellViewModel.swift in Sources */,
				880CF4A02986EC4100B41BA1 /* UIViewController+Extensions.swift in Sources */,
				889DC3CB2971B68500759871 /* TomorrowViewModel.swift in Sources */,
				88A4ACFA2957671B0067D1B4 /* CurrentWeatherModel.swift in Sources */,
				88D337D4298023B0008B6BE5 /* WeatherListsModel.swift in Sources */,
				88A4ACFF295CD11C0067D1B4 /* DayCell.swift in Sources */,
				88FB83C32955BEA90011FDA0 /* MainPageViewController.swift in Sources */,
				88CA25D82955D57800468F83 /* MainViewController.swift in Sources */,
				884A8729294DF29E003EB0D1 /* AppDelegate.swift in Sources */,
				88D8C72B29855D1900B39A92 /* StorageError.swift in Sources */,
				88A4ACF8295746240067D1B4 /* DataFetcherService.swift in Sources */,
				88BD19A42951BF8D00498F7D /* SearchViewController.swift in Sources */,
				88A4ACFC2959D29C0067D1B4 /* DateService.swift in Sources */,
				88D8C72929848E5A00B39A92 /* LocationService.swift in Sources */,
				884A3BA12975A32C006C7AD6 /* CitySearchModel.swift in Sources */,
				884A8744294F7AE0003EB0D1 /* ForecastWeatherModel.swift in Sources */,
				88A4ACF62955ECC40067D1B4 /* FiveDaysViewController.swift in Sources */,
				88D337D229802103008B6BE5 /* Realm+Extensions.swift in Sources */,
				88BD19A72952326A00498F7D /* HourCell.swift in Sources */,
				88D337D829802487008B6BE5 /* MainWeaherModel.swift in Sources */,
				884A3B9B29744FC2006C7AD6 /* SearchViewModel.swift in Sources */,
				88CA25DA2955D5AB00468F83 /* TomorrowViewController.swift in Sources */,
				889DC3BE2971740100759871 /* ToDayViewModel.swift in Sources */,
				884A3BB4297D5C56006C7AD6 /* Coordinator.swift in Sources */,
				88D8C7272984176800B39A92 /* MainViewModel.swift in Sources */,
				884A8742294F4DDA003EB0D1 /* LocationModel.swift in Sources */,
				884A3B9D2974505A006C7AD6 /* CityCellViewModel.swift in Sources */,
				88D337DE29802BFA008B6BE5 /* StartViewModel.swift in Sources */,
				884A873F294E0E88003EB0D1 /* NetworkDataFetcher.swift in Sources */,
				88AF9901296F0FEB0001C1CF /* StartViewController.swift in Sources */,
				88ECC6722972FB4F0058691D /* FiveDaysViewModel.swift in Sources */,
			);
			runOnlyForDeploymentPostprocessing = 0;
		};
/* End PBXSourcesBuildPhase section */

/* Begin PBXVariantGroup section */
		884A872E294DF29E003EB0D1 /* Main.storyboard */ = {
			isa = PBXVariantGroup;
			children = (
				884A872F294DF29E003EB0D1 /* Base */,
			);
			name = Main.storyboard;
			sourceTree = "<group>";
		};
		884A8733294DF29F003EB0D1 /* LaunchScreen.storyboard */ = {
			isa = PBXVariantGroup;
			children = (
				884A8734294DF29F003EB0D1 /* Base */,
			);
			name = LaunchScreen.storyboard;
			sourceTree = "<group>";
		};
/* End PBXVariantGroup section */

/* Begin XCBuildConfiguration section */
		884A8737294DF29F003EB0D1 /* Debug */ = {
			isa = XCBuildConfiguration;
			buildSettings = {
				ALWAYS_SEARCH_USER_PATHS = NO;
				CLANG_ANALYZER_NONNULL = YES;
				CLANG_ANALYZER_NUMBER_OBJECT_CONVERSION = YES_AGGRESSIVE;
				CLANG_CXX_LANGUAGE_STANDARD = "gnu++20";
				CLANG_ENABLE_MODULES = YES;
				CLANG_ENABLE_OBJC_ARC = YES;
				CLANG_ENABLE_OBJC_WEAK = YES;
				CLANG_WARN_BLOCK_CAPTURE_AUTORELEASING = YES;
				CLANG_WARN_BOOL_CONVERSION = YES;
				CLANG_WARN_COMMA = YES;
				CLANG_WARN_CONSTANT_CONVERSION = YES;
				CLANG_WARN_DEPRECATED_OBJC_IMPLEMENTATIONS = YES;
				CLANG_WARN_DIRECT_OBJC_ISA_USAGE = YES_ERROR;
				CLANG_WARN_DOCUMENTATION_COMMENTS = YES;
				CLANG_WARN_EMPTY_BODY = YES;
				CLANG_WARN_ENUM_CONVERSION = YES;
				CLANG_WARN_INFINITE_RECURSION = YES;
				CLANG_WARN_INT_CONVERSION = YES;
				CLANG_WARN_NON_LITERAL_NULL_CONVERSION = YES;
				CLANG_WARN_OBJC_IMPLICIT_RETAIN_SELF = YES;
				CLANG_WARN_OBJC_LITERAL_CONVERSION = YES;
				CLANG_WARN_OBJC_ROOT_CLASS = YES_ERROR;
				CLANG_WARN_QUOTED_INCLUDE_IN_FRAMEWORK_HEADER = YES;
				CLANG_WARN_RANGE_LOOP_ANALYSIS = YES;
				CLANG_WARN_STRICT_PROTOTYPES = YES;
				CLANG_WARN_SUSPICIOUS_MOVE = YES;
				CLANG_WARN_UNGUARDED_AVAILABILITY = YES_AGGRESSIVE;
				CLANG_WARN_UNREACHABLE_CODE = YES;
				CLANG_WARN__DUPLICATE_METHOD_MATCH = YES;
				COPY_PHASE_STRIP = NO;
				DEBUG_INFORMATION_FORMAT = dwarf;
				ENABLE_STRICT_OBJC_MSGSEND = YES;
				ENABLE_TESTABILITY = YES;
				GCC_C_LANGUAGE_STANDARD = gnu11;
				GCC_DYNAMIC_NO_PIC = NO;
				GCC_NO_COMMON_BLOCKS = YES;
				GCC_OPTIMIZATION_LEVEL = 0;
				GCC_PREPROCESSOR_DEFINITIONS = (
					"DEBUG=1",
					"$(inherited)",
				);
				GCC_WARN_64_TO_32_BIT_CONVERSION = YES;
				GCC_WARN_ABOUT_RETURN_TYPE = YES_ERROR;
				GCC_WARN_UNDECLARED_SELECTOR = YES;
				GCC_WARN_UNINITIALIZED_AUTOS = YES_AGGRESSIVE;
				GCC_WARN_UNUSED_FUNCTION = YES;
				GCC_WARN_UNUSED_VARIABLE = YES;
				IPHONEOS_DEPLOYMENT_TARGET = 16.2;
				MTL_ENABLE_DEBUG_INFO = INCLUDE_SOURCE;
				MTL_FAST_MATH = YES;
				ONLY_ACTIVE_ARCH = YES;
				SDKROOT = iphoneos;
				SWIFT_ACTIVE_COMPILATION_CONDITIONS = DEBUG;
				SWIFT_OPTIMIZATION_LEVEL = "-Onone";
			};
			name = Debug;
		};
		884A8738294DF29F003EB0D1 /* Release */ = {
			isa = XCBuildConfiguration;
			buildSettings = {
				ALWAYS_SEARCH_USER_PATHS = NO;
				CLANG_ANALYZER_NONNULL = YES;
				CLANG_ANALYZER_NUMBER_OBJECT_CONVERSION = YES_AGGRESSIVE;
				CLANG_CXX_LANGUAGE_STANDARD = "gnu++20";
				CLANG_ENABLE_MODULES = YES;
				CLANG_ENABLE_OBJC_ARC = YES;
				CLANG_ENABLE_OBJC_WEAK = YES;
				CLANG_WARN_BLOCK_CAPTURE_AUTORELEASING = YES;
				CLANG_WARN_BOOL_CONVERSION = YES;
				CLANG_WARN_COMMA = YES;
				CLANG_WARN_CONSTANT_CONVERSION = YES;
				CLANG_WARN_DEPRECATED_OBJC_IMPLEMENTATIONS = YES;
				CLANG_WARN_DIRECT_OBJC_ISA_USAGE = YES_ERROR;
				CLANG_WARN_DOCUMENTATION_COMMENTS = YES;
				CLANG_WARN_EMPTY_BODY = YES;
				CLANG_WARN_ENUM_CONVERSION = YES;
				CLANG_WARN_INFINITE_RECURSION = YES;
				CLANG_WARN_INT_CONVERSION = YES;
				CLANG_WARN_NON_LITERAL_NULL_CONVERSION = YES;
				CLANG_WARN_OBJC_IMPLICIT_RETAIN_SELF = YES;
				CLANG_WARN_OBJC_LITERAL_CONVERSION = YES;
				CLANG_WARN_OBJC_ROOT_CLASS = YES_ERROR;
				CLANG_WARN_QUOTED_INCLUDE_IN_FRAMEWORK_HEADER = YES;
				CLANG_WARN_RANGE_LOOP_ANALYSIS = YES;
				CLANG_WARN_STRICT_PROTOTYPES = YES;
				CLANG_WARN_SUSPICIOUS_MOVE = YES;
				CLANG_WARN_UNGUARDED_AVAILABILITY = YES_AGGRESSIVE;
				CLANG_WARN_UNREACHABLE_CODE = YES;
				CLANG_WARN__DUPLICATE_METHOD_MATCH = YES;
				COPY_PHASE_STRIP = NO;
				DEBUG_INFORMATION_FORMAT = "dwarf-with-dsym";
				ENABLE_NS_ASSERTIONS = NO;
				ENABLE_STRICT_OBJC_MSGSEND = YES;
				GCC_C_LANGUAGE_STANDARD = gnu11;
				GCC_NO_COMMON_BLOCKS = YES;
				GCC_WARN_64_TO_32_BIT_CONVERSION = YES;
				GCC_WARN_ABOUT_RETURN_TYPE = YES_ERROR;
				GCC_WARN_UNDECLARED_SELECTOR = YES;
				GCC_WARN_UNINITIALIZED_AUTOS = YES_AGGRESSIVE;
				GCC_WARN_UNUSED_FUNCTION = YES;
				GCC_WARN_UNUSED_VARIABLE = YES;
				IPHONEOS_DEPLOYMENT_TARGET = 16.2;
				MTL_ENABLE_DEBUG_INFO = NO;
				MTL_FAST_MATH = YES;
				SDKROOT = iphoneos;
				SWIFT_COMPILATION_MODE = wholemodule;
				SWIFT_OPTIMIZATION_LEVEL = "-O";
				VALIDATE_PRODUCT = YES;
			};
			name = Release;
		};
		884A873A294DF29F003EB0D1 /* Debug */ = {
			isa = XCBuildConfiguration;
			baseConfigurationReference = 15B7819CCBF4AA36B1F0C218 /* Pods-Weather.debug.xcconfig */;
			buildSettings = {
				ASSETCATALOG_COMPILER_APPICON_NAME = AppIcon;
				ASSETCATALOG_COMPILER_GLOBAL_ACCENT_COLOR_NAME = AccentColor;
				CODE_SIGN_STYLE = Automatic;
				CURRENT_PROJECT_VERSION = 1;
				DEVELOPMENT_TEAM = J2GLR26RLC;
				GENERATE_INFOPLIST_FILE = YES;
				INFOPLIST_FILE = Weather/SupportingFiles/Info.plist;
				INFOPLIST_KEY_NSLocationAlwaysAndWhenInUseUsageDescription = "\"The app would like to use your current location to display the weather correctly.\"";
				INFOPLIST_KEY_NSLocationWhenInUseUsageDescription = "\"The app would like to use your current location to display the weather correctly.\"";
				INFOPLIST_KEY_UIApplicationSupportsIndirectInputEvents = YES;
				INFOPLIST_KEY_UILaunchStoryboardName = LaunchScreen;
				INFOPLIST_KEY_UIMainStoryboardFile = "";
				INFOPLIST_KEY_UISupportedInterfaceOrientations = UIInterfaceOrientationPortrait;
				IPHONEOS_DEPLOYMENT_TARGET = 14.0;
				LD_RUNPATH_SEARCH_PATHS = (
					"$(inherited)",
					"@executable_path/Frameworks",
				);
				MARKETING_VERSION = 1.0;
				PRODUCT_BUNDLE_IDENTIFIER = Roman.Bogatchuk.Weather;
				PRODUCT_NAME = "$(TARGET_NAME)";
				SWIFT_EMIT_LOC_STRINGS = YES;
				SWIFT_VERSION = 5.0;
				TARGETED_DEVICE_FAMILY = "1,2";
			};
			name = Debug;
		};
		884A873B294DF29F003EB0D1 /* Release */ = {
			isa = XCBuildConfiguration;
			baseConfigurationReference = 9F33BF0E4D4B924C50F58578 /* Pods-Weather.release.xcconfig */;
			buildSettings = {
				ASSETCATALOG_COMPILER_APPICON_NAME = AppIcon;
				ASSETCATALOG_COMPILER_GLOBAL_ACCENT_COLOR_NAME = AccentColor;
				CODE_SIGN_STYLE = Automatic;
				CURRENT_PROJECT_VERSION = 1;
				DEVELOPMENT_TEAM = J2GLR26RLC;
				GENERATE_INFOPLIST_FILE = YES;
				INFOPLIST_FILE = Weather/SupportingFiles/Info.plist;
				INFOPLIST_KEY_NSLocationAlwaysAndWhenInUseUsageDescription = "\"The app would like to use your current location to display the weather correctly.\"";
				INFOPLIST_KEY_NSLocationWhenInUseUsageDescription = "\"The app would like to use your current location to display the weather correctly.\"";
				INFOPLIST_KEY_UIApplicationSupportsIndirectInputEvents = YES;
				INFOPLIST_KEY_UILaunchStoryboardName = LaunchScreen;
				INFOPLIST_KEY_UIMainStoryboardFile = "";
				INFOPLIST_KEY_UISupportedInterfaceOrientations = UIInterfaceOrientationPortrait;
				IPHONEOS_DEPLOYMENT_TARGET = 14.0;
				LD_RUNPATH_SEARCH_PATHS = (
					"$(inherited)",
					"@executable_path/Frameworks",
				);
				MARKETING_VERSION = 1.0;
				PRODUCT_BUNDLE_IDENTIFIER = Roman.Bogatchuk.Weather;
				PRODUCT_NAME = "$(TARGET_NAME)";
				SWIFT_EMIT_LOC_STRINGS = YES;
				SWIFT_VERSION = 5.0;
				TARGETED_DEVICE_FAMILY = "1,2";
			};
			name = Release;
		};
/* End XCBuildConfiguration section */

/* Begin XCConfigurationList section */
		884A8720294DF29D003EB0D1 /* Build configuration list for PBXProject "Weather" */ = {
			isa = XCConfigurationList;
			buildConfigurations = (
				884A8737294DF29F003EB0D1 /* Debug */,
				884A8738294DF29F003EB0D1 /* Release */,
			);
			defaultConfigurationIsVisible = 0;
			defaultConfigurationName = Release;
		};
		884A8739294DF29F003EB0D1 /* Build configuration list for PBXNativeTarget "Weather" */ = {
			isa = XCConfigurationList;
			buildConfigurations = (
				884A873A294DF29F003EB0D1 /* Debug */,
				884A873B294DF29F003EB0D1 /* Release */,
			);
			defaultConfigurationIsVisible = 0;
			defaultConfigurationName = Release;
		};
/* End XCConfigurationList section */
	};
	rootObject = 884A871D294DF29D003EB0D1 /* Project object */;
}
